
Microsoft Visual Studio Solution File, Format Version 12.00
Project("{FAE04EC0-301F-11D3-BF4B-00C04F79EFBC}") = "PlutoRover", "PlutoRover\PlutoRover.csproj", "{D5916ECA-E421-479C-863F-F82B4BC3246D}"
EndProject
Project("{FAE04EC0-301F-11D3-BF4B-00C04F79EFBC}") = "PlutoRover.Tests", "PlutoRover.Tests\PlutoRover.Tests.csproj", "{249FB6EE-4F44-4AB7-8A2A-F42E88D58064}"
EndProject
Global
	GlobalSection(SolutionConfigurationPlatforms) = preSolution
		Debug|Any CPU = Debug|Any CPU
		Release|Any CPU = Release|Any CPU
	EndGlobalSection
	GlobalSection(ProjectConfigurationPlatforms) = postSolution
		{D5916ECA-E421-479C-863F-F82B4BC3246D}.Debug|Any CPU.ActiveCfg = Debug|Any CPU
		{D5916ECA-E421-479C-863F-F82B4BC3246D}.Debug|Any CPU.Build.0 = Debug|Any CPU
		{D5916ECA-E421-479C-863F-F82B4BC3246D}.Release|Any CPU.ActiveCfg = Release|Any CPU
		{D5916ECA-E421-479C-863F-F82B4BC3246D}.Release|Any CPU.Build.0 = Release|Any CPU
		{249FB6EE-4F44-4AB7-8A2A-F42E88D58064}.Debug|Any CPU.ActiveCfg = Debug|Any CPU
		{249FB6EE-4F44-4AB7-8A2A-F42E88D58064}.Debug|Any CPU.Build.0 = Debug|Any CPU
		{249FB6EE-4F44-4AB7-8A2A-F42E88D58064}.Release|Any CPU.ActiveCfg = Release|Any CPU
		{249FB6EE-4F44-4AB7-8A2A-F42E88D58064}.Release|Any CPU.Build.0 = Release|Any CPU
	EndGlobalSection
EndGlobal
